// !$*UTF8*$!
{
	archiveVersion = 1;
	classes = {
	};
	objectVersion = 55;
	objects = {

/* Begin PBXBuildFile section */
		BC128D4B289D688400BCDC08 /* AppDelegate.swift in Sources */ = {isa = PBXBuildFile; fileRef = BC128D4A289D688400BCDC08 /* AppDelegate.swift */; };
		BC128D4D289D688400BCDC08 /* SceneDelegate.swift in Sources */ = {isa = PBXBuildFile; fileRef = BC128D4C289D688400BCDC08 /* SceneDelegate.swift */; };
		BC128D4F289D688400BCDC08 /* QuestionVC.swift in Sources */ = {isa = PBXBuildFile; fileRef = BC128D4E289D688400BCDC08 /* QuestionVC.swift */; };
		BC128D54289D688600BCDC08 /* Assets.xcassets in Resources */ = {isa = PBXBuildFile; fileRef = BC128D53289D688600BCDC08 /* Assets.xcassets */; };
		BC128D57289D688600BCDC08 /* LaunchScreen.storyboard in Resources */ = {isa = PBXBuildFile; fileRef = BC128D55289D688600BCDC08 /* LaunchScreen.storyboard */; };
		BC128D61289D705400BCDC08 /* QuestionResponse.swift in Sources */ = {isa = PBXBuildFile; fileRef = BC128D60289D705400BCDC08 /* QuestionResponse.swift */; };
		BC15626D28C8DA5E007E91DF /* celebrate.json in Resources */ = {isa = PBXBuildFile; fileRef = BC15626C28C8DA5E007E91DF /* celebrate.json */; };
		BC26FAA628A5160000CF5D2F /* TextCell.swift in Sources */ = {isa = PBXBuildFile; fileRef = BC26FAA528A5160000CF5D2F /* TextCell.swift */; };
		BC26FAAA28A5181900CF5D2F /* SnapKit in Frameworks */ = {isa = PBXBuildFile; productRef = BC26FAA928A5181900CF5D2F /* SnapKit */; };
		BC26FAAC28A518B700CF5D2F /* CodeCell.swift in Sources */ = {isa = PBXBuildFile; fileRef = BC26FAAB28A518B700CF5D2F /* CodeCell.swift */; };
		BC26FAAE28A5192800CF5D2F /* AnswerCell.swift in Sources */ = {isa = PBXBuildFile; fileRef = BC26FAAD28A5192800CF5D2F /* AnswerCell.swift */; };
		BC26FAB028A51BA500CF5D2F /* ButtonCell.swift in Sources */ = {isa = PBXBuildFile; fileRef = BC26FAAF28A51BA500CF5D2F /* ButtonCell.swift */; };
		BC26FAB228A522C900CF5D2F /* UIView+PinEdges.swift in Sources */ = {isa = PBXBuildFile; fileRef = BC26FAB128A522C900CF5D2F /* UIView+PinEdges.swift */; };
		BC5758A428CA3799006D62AF /* HistoryVC.swift in Sources */ = {isa = PBXBuildFile; fileRef = BC5758A328CA3799006D62AF /* HistoryVC.swift */; };
		BC68161028B10B04008DCC3C /* UIView+AnimateViewPress.swift in Sources */ = {isa = PBXBuildFile; fileRef = BC68160F28B10B04008DCC3C /* UIView+AnimateViewPress.swift */; };
		BC68161328B22B76008DCC3C /* MenuVC.swift in Sources */ = {isa = PBXBuildFile; fileRef = BC68161228B22B76008DCC3C /* MenuVC.swift */; };
		BC68161628B25650008DCC3C /* CategoriesVC.swift in Sources */ = {isa = PBXBuildFile; fileRef = BC68161528B25650008DCC3C /* CategoriesVC.swift */; };
		BC77531828AE4DA700AA5695 /* QuestionProvider.swift in Sources */ = {isa = PBXBuildFile; fileRef = BC77531728AE4DA700AA5695 /* QuestionProvider.swift */; };
		BC8E488F28B3D2E70027BC7B /* CategoryCell.swift in Sources */ = {isa = PBXBuildFile; fileRef = BC8E488E28B3D2E70027BC7B /* CategoryCell.swift */; };
		BCA1010028CC875F003CD6A6 /* SkeletonView in Frameworks */ = {isa = PBXBuildFile; productRef = BCA100FF28CC875F003CD6A6 /* SkeletonView */; };
		BCA7025828BDFF58005DFC9B /* ResultVC.swift in Sources */ = {isa = PBXBuildFile; fileRef = BCA7025728BDFF58005DFC9B /* ResultVC.swift */; };
		BCBCCB3B28C6514C0078968B /* UIViewController + AlertService.swift in Sources */ = {isa = PBXBuildFile; fileRef = BCBCCB3A28C6514C0078968B /* UIViewController + AlertService.swift */; };
		BCC4BAF228C7A0300078A608 /* UIColor + extension.swift in Sources */ = {isa = PBXBuildFile; fileRef = BCC4BAF128C7A0300078A608 /* UIColor + extension.swift */; };
		BCC4BAF428C7A16F0078A608 /* Resources.swift in Sources */ = {isa = PBXBuildFile; fileRef = BCC4BAF328C7A16F0078A608 /* Resources.swift */; };
		BCC6E97628C8DB9200EDF4C2 /* Lottie in Frameworks */ = {isa = PBXBuildFile; productRef = BCC6E97528C8DB9200EDF4C2 /* Lottie */; };
		BCC98A6728CB49C7001CFE90 /* Quizi.xcdatamodeld in Sources */ = {isa = PBXBuildFile; fileRef = BCC98A6528CB49C7001CFE90 /* Quizi.xcdatamodeld */; };
		BCC98A6928CB4B9D001CFE90 /* StorageManager.swift in Sources */ = {isa = PBXBuildFile; fileRef = BCC98A6828CB4B9D001CFE90 /* StorageManager.swift */; };
		BCCE4D6C28BF67FC00397979 /* GoogleService-Info.plist in Resources */ = {isa = PBXBuildFile; fileRef = BCCE4D6B28BF67FC00397979 /* GoogleService-Info.plist */; };
		BCCE4D7328BF68F100397979 /* FirebaseAuth in Frameworks */ = {isa = PBXBuildFile; productRef = BCCE4D7228BF68F100397979 /* FirebaseAuth */; };
		BCCE4D7728BF68F100397979 /* FirebaseDatabase in Frameworks */ = {isa = PBXBuildFile; productRef = BCCE4D7628BF68F100397979 /* FirebaseDatabase */; };
		BCCE4D7928BF68F100397979 /* FirebaseDatabaseSwift in Frameworks */ = {isa = PBXBuildFile; productRef = BCCE4D7828BF68F100397979 /* FirebaseDatabaseSwift */; };
		BCECF33528CB7C69004912E9 /* HistoryCell.swift in Sources */ = {isa = PBXBuildFile; fileRef = BCECF33428CB7C69004912E9 /* HistoryCell.swift */; };
		BCF8D06B28C61F5A00555544 /* LogVC.swift in Sources */ = {isa = PBXBuildFile; fileRef = BCF8D06A28C61F5900555544 /* LogVC.swift */; };
/* End PBXBuildFile section */

/* Begin PBXFileReference section */
		BC128D47289D688400BCDC08 /* Quizi.app */ = {isa = PBXFileReference; explicitFileType = wrapper.application; includeInIndex = 0; path = Quizi.app; sourceTree = BUILT_PRODUCTS_DIR; };
		BC128D4A289D688400BCDC08 /* AppDelegate.swift */ = {isa = PBXFileReference; lastKnownFileType = sourcecode.swift; path = AppDelegate.swift; sourceTree = "<group>"; };
		BC128D4C289D688400BCDC08 /* SceneDelegate.swift */ = {isa = PBXFileReference; lastKnownFileType = sourcecode.swift; path = SceneDelegate.swift; sourceTree = "<group>"; };
		BC128D4E289D688400BCDC08 /* QuestionVC.swift */ = {isa = PBXFileReference; lastKnownFileType = sourcecode.swift; path = QuestionVC.swift; sourceTree = "<group>"; };
		BC128D53289D688600BCDC08 /* Assets.xcassets */ = {isa = PBXFileReference; lastKnownFileType = folder.assetcatalog; path = Assets.xcassets; sourceTree = "<group>"; };
		BC128D56289D688600BCDC08 /* Base */ = {isa = PBXFileReference; lastKnownFileType = file.storyboard; name = Base; path = Base.lproj/LaunchScreen.storyboard; sourceTree = "<group>"; };
		BC128D58289D688600BCDC08 /* Info.plist */ = {isa = PBXFileReference; lastKnownFileType = text.plist.xml; path = Info.plist; sourceTree = "<group>"; };
		BC128D60289D705400BCDC08 /* QuestionResponse.swift */ = {isa = PBXFileReference; lastKnownFileType = sourcecode.swift; path = QuestionResponse.swift; sourceTree = "<group>"; };
		BC15626C28C8DA5E007E91DF /* celebrate.json */ = {isa = PBXFileReference; fileEncoding = 4; lastKnownFileType = text.json; path = celebrate.json; sourceTree = "<group>"; };
		BC26FAA528A5160000CF5D2F /* TextCell.swift */ = {isa = PBXFileReference; lastKnownFileType = sourcecode.swift; path = TextCell.swift; sourceTree = "<group>"; };
		BC26FAAB28A518B700CF5D2F /* CodeCell.swift */ = {isa = PBXFileReference; lastKnownFileType = sourcecode.swift; path = CodeCell.swift; sourceTree = "<group>"; };
		BC26FAAD28A5192800CF5D2F /* AnswerCell.swift */ = {isa = PBXFileReference; lastKnownFileType = sourcecode.swift; path = AnswerCell.swift; sourceTree = "<group>"; };
		BC26FAAF28A51BA500CF5D2F /* ButtonCell.swift */ = {isa = PBXFileReference; lastKnownFileType = sourcecode.swift; path = ButtonCell.swift; sourceTree = "<group>"; };
		BC26FAB128A522C900CF5D2F /* UIView+PinEdges.swift */ = {isa = PBXFileReference; lastKnownFileType = sourcecode.swift; path = "UIView+PinEdges.swift"; sourceTree = "<group>"; };
		BC5758A328CA3799006D62AF /* HistoryVC.swift */ = {isa = PBXFileReference; lastKnownFileType = sourcecode.swift; path = HistoryVC.swift; sourceTree = "<group>"; };
		BC68160F28B10B04008DCC3C /* UIView+AnimateViewPress.swift */ = {isa = PBXFileReference; lastKnownFileType = sourcecode.swift; path = "UIView+AnimateViewPress.swift"; sourceTree = "<group>"; };
		BC68161228B22B76008DCC3C /* MenuVC.swift */ = {isa = PBXFileReference; lastKnownFileType = sourcecode.swift; path = MenuVC.swift; sourceTree = "<group>"; };
		BC68161528B25650008DCC3C /* CategoriesVC.swift */ = {isa = PBXFileReference; lastKnownFileType = sourcecode.swift; path = CategoriesVC.swift; sourceTree = "<group>"; };
		BC77531728AE4DA700AA5695 /* QuestionProvider.swift */ = {isa = PBXFileReference; lastKnownFileType = sourcecode.swift; path = QuestionProvider.swift; sourceTree = "<group>"; };
		BC8E488E28B3D2E70027BC7B /* CategoryCell.swift */ = {isa = PBXFileReference; lastKnownFileType = sourcecode.swift; path = CategoryCell.swift; sourceTree = "<group>"; };
		BCA7025728BDFF58005DFC9B /* ResultVC.swift */ = {isa = PBXFileReference; lastKnownFileType = sourcecode.swift; path = ResultVC.swift; sourceTree = "<group>"; };
		BCBCCB3A28C6514C0078968B /* UIViewController + AlertService.swift */ = {isa = PBXFileReference; fileEncoding = 4; lastKnownFileType = sourcecode.swift; path = "UIViewController + AlertService.swift"; sourceTree = "<group>"; };
		BCC4BAF128C7A0300078A608 /* UIColor + extension.swift */ = {isa = PBXFileReference; lastKnownFileType = sourcecode.swift; path = "UIColor + extension.swift"; sourceTree = "<group>"; };
		BCC4BAF328C7A16F0078A608 /* Resources.swift */ = {isa = PBXFileReference; lastKnownFileType = sourcecode.swift; path = Resources.swift; sourceTree = "<group>"; };
		BCC98A6628CB49C7001CFE90 /* Quizi.xcdatamodel */ = {isa = PBXFileReference; lastKnownFileType = wrapper.xcdatamodel; path = Quizi.xcdatamodel; sourceTree = "<group>"; };
		BCC98A6828CB4B9D001CFE90 /* StorageManager.swift */ = {isa = PBXFileReference; lastKnownFileType = sourcecode.swift; path = StorageManager.swift; sourceTree = "<group>"; };
		BCCE4D6B28BF67FC00397979 /* GoogleService-Info.plist */ = {isa = PBXFileReference; fileEncoding = 4; lastKnownFileType = text.plist.xml; path = "GoogleService-Info.plist"; sourceTree = "<group>"; };
		BCECF33428CB7C69004912E9 /* HistoryCell.swift */ = {isa = PBXFileReference; lastKnownFileType = sourcecode.swift; path = HistoryCell.swift; sourceTree = "<group>"; };
		BCF8D06A28C61F5900555544 /* LogVC.swift */ = {isa = PBXFileReference; lastKnownFileType = sourcecode.swift; path = LogVC.swift; sourceTree = "<group>"; };
/* End PBXFileReference section */

/* Begin PBXFrameworksBuildPhase section */
		BC128D44289D688400BCDC08 /* Frameworks */ = {
			isa = PBXFrameworksBuildPhase;
			buildActionMask = 2147483647;
			files = (
				BCC6E97628C8DB9200EDF4C2 /* Lottie in Frameworks */,
				BCCE4D7928BF68F100397979 /* FirebaseDatabaseSwift in Frameworks */,
				BCCE4D7728BF68F100397979 /* FirebaseDatabase in Frameworks */,
				BCA1010028CC875F003CD6A6 /* SkeletonView in Frameworks */,
				BC26FAAA28A5181900CF5D2F /* SnapKit in Frameworks */,
				BCCE4D7328BF68F100397979 /* FirebaseAuth in Frameworks */,
			);
			runOnlyForDeploymentPostprocessing = 0;
		};
/* End PBXFrameworksBuildPhase section */

/* Begin PBXGroup section */
		12F99EA728AE5CFB000C5260 /* Resources */ = {
			isa = PBXGroup;
			children = (
				BCC6E97728C8E0BA00EDF4C2 /* Animation */,
				BCCE4D6B28BF67FC00397979 /* GoogleService-Info.plist */,
				BC128D53289D688600BCDC08 /* Assets.xcassets */,
				BC128D55289D688600BCDC08 /* LaunchScreen.storyboard */,
				BC128D58289D688600BCDC08 /* Info.plist */,
				BCC4BAF328C7A16F0078A608 /* Resources.swift */,
				BCC98A6528CB49C7001CFE90 /* Quizi.xcdatamodeld */,
			);
			path = Resources;
			sourceTree = "<group>";
		};
		12F99EA828AE5D26000C5260 /* Services */ = {
			isa = PBXGroup;
			children = (
				BC77531728AE4DA700AA5695 /* QuestionProvider.swift */,
				BCC98A6828CB4B9D001CFE90 /* StorageManager.swift */,
			);
			path = Services;
			sourceTree = "<group>";
		};
		12F99EA928AE5D38000C5260 /* Extensions */ = {
			isa = PBXGroup;
			children = (
				BCBCCB3A28C6514C0078968B /* UIViewController + AlertService.swift */,
				BC26FAB128A522C900CF5D2F /* UIView+PinEdges.swift */,
				BC68160F28B10B04008DCC3C /* UIView+AnimateViewPress.swift */,
				BCC4BAF128C7A0300078A608 /* UIColor + extension.swift */,
			);
			path = Extensions;
			sourceTree = "<group>";
		};
		12F99EAA28AE5D84000C5260 /* Models */ = {
			isa = PBXGroup;
			children = (
				BC128D60289D705400BCDC08 /* QuestionResponse.swift */,
			);
			path = Models;
			sourceTree = "<group>";
		};
		BC128D3E289D688400BCDC08 = {
			isa = PBXGroup;
			children = (
				BC128D49289D688400BCDC08 /* Quizi */,
				BC128D48289D688400BCDC08 /* Products */,
			);
			sourceTree = "<group>";
		};
		BC128D48289D688400BCDC08 /* Products */ = {
			isa = PBXGroup;
			children = (
				BC128D47289D688400BCDC08 /* Quizi.app */,
			);
			name = Products;
			sourceTree = "<group>";
		};
		BC128D49289D688400BCDC08 /* Quizi */ = {
			isa = PBXGroup;
			children = (
				BC128D4A289D688400BCDC08 /* AppDelegate.swift */,
				BC128D4C289D688400BCDC08 /* SceneDelegate.swift */,
				BC26FAA128A5131900CF5D2F /* Screens */,
				12F99EA828AE5D26000C5260 /* Services */,
				12F99EAA28AE5D84000C5260 /* Models */,
				12F99EA928AE5D38000C5260 /* Extensions */,
				12F99EA728AE5CFB000C5260 /* Resources */,
			);
			path = Quizi;
			sourceTree = "<group>";
		};
		BC26FAA128A5131900CF5D2F /* Screens */ = {
			isa = PBXGroup;
			children = (
				BC5758A228CA3763006D62AF /* Log */,
				BC68161428B22B7A008DCC3C /* Menu */,
				BC5758A528CA379E006D62AF /* History */,
				BC68161728B256A2008DCC3C /* Categories */,
				BC68161128B2270E008DCC3C /* Question */,
				BCA7025928BDFF5F005DFC9B /* Result */,
			);
			path = Screens;
			sourceTree = "<group>";
		};
		BC26FAA728A5160300CF5D2F /* Cells */ = {
			isa = PBXGroup;
			children = (
				BC26FAA528A5160000CF5D2F /* TextCell.swift */,
				BC26FAAB28A518B700CF5D2F /* CodeCell.swift */,
				BC26FAAD28A5192800CF5D2F /* AnswerCell.swift */,
				BC26FAAF28A51BA500CF5D2F /* ButtonCell.swift */,
			);
			path = Cells;
			sourceTree = "<group>";
		};
		BC5758A228CA3763006D62AF /* Log */ = {
			isa = PBXGroup;
			children = (
				BCF8D06A28C61F5900555544 /* LogVC.swift */,
			);
			path = Log;
			sourceTree = "<group>";
		};
		BC5758A528CA379E006D62AF /* History */ = {
			isa = PBXGroup;
			children = (
				BC5758A328CA3799006D62AF /* HistoryVC.swift */,
				BCECF33428CB7C69004912E9 /* HistoryCell.swift */,
			);
			path = History;
			sourceTree = "<group>";
		};
		BC68161128B2270E008DCC3C /* Question */ = {
			isa = PBXGroup;
			children = (
				BC128D4E289D688400BCDC08 /* QuestionVC.swift */,
				BC26FAA728A5160300CF5D2F /* Cells */,
			);
			path = Question;
			sourceTree = "<group>";
		};
		BC68161428B22B7A008DCC3C /* Menu */ = {
			isa = PBXGroup;
			children = (
				BC68161228B22B76008DCC3C /* MenuVC.swift */,
			);
			path = Menu;
			sourceTree = "<group>";
		};
		BC68161728B256A2008DCC3C /* Categories */ = {
			isa = PBXGroup;
			children = (
				BC68161528B25650008DCC3C /* CategoriesVC.swift */,
				BC8E488E28B3D2E70027BC7B /* CategoryCell.swift */,
			);
			path = Categories;
			sourceTree = "<group>";
		};
		BCA7025928BDFF5F005DFC9B /* Result */ = {
			isa = PBXGroup;
			children = (
				BCA7025728BDFF58005DFC9B /* ResultVC.swift */,
			);
			path = Result;
			sourceTree = "<group>";
		};
		BCC6E97728C8E0BA00EDF4C2 /* Animation */ = {
			isa = PBXGroup;
			children = (
				BC15626C28C8DA5E007E91DF /* celebrate.json */,
			);
			path = Animation;
			sourceTree = "<group>";
		};
/* End PBXGroup section */

/* Begin PBXNativeTarget section */
		BC128D46289D688400BCDC08 /* Quizi */ = {
			isa = PBXNativeTarget;
			buildConfigurationList = BC128D5B289D688600BCDC08 /* Build configuration list for PBXNativeTarget "Quizi" */;
			buildPhases = (
				BC128D43289D688400BCDC08 /* Sources */,
				BC128D44289D688400BCDC08 /* Frameworks */,
				BC128D45289D688400BCDC08 /* Resources */,
			);
			buildRules = (
			);
			dependencies = (
			);
			name = Quizi;
			packageProductDependencies = (
				BC26FAA928A5181900CF5D2F /* SnapKit */,
				BCCE4D7228BF68F100397979 /* FirebaseAuth */,
				BCCE4D7628BF68F100397979 /* FirebaseDatabase */,
				BCCE4D7828BF68F100397979 /* FirebaseDatabaseSwift */,
				BCC6E97528C8DB9200EDF4C2 /* Lottie */,
				BCA100FF28CC875F003CD6A6 /* SkeletonView */,
			);
			productName = SwiftLearn;
			productReference = BC128D47289D688400BCDC08 /* Quizi.app */;
			productType = "com.apple.product-type.application";
		};
/* End PBXNativeTarget section */

/* Begin PBXProject section */
		BC128D3F289D688400BCDC08 /* Project object */ = {
			isa = PBXProject;
			attributes = {
				BuildIndependentTargetsInParallel = 1;
				LastSwiftUpdateCheck = 1340;
				LastUpgradeCheck = 1340;
				TargetAttributes = {
					BC128D46289D688400BCDC08 = {
						CreatedOnToolsVersion = 13.4.1;
					};
				};
			};
			buildConfigurationList = BC128D42289D688400BCDC08 /* Build configuration list for PBXProject "Quizi" */;
			compatibilityVersion = "Xcode 13.0";
			developmentRegion = en;
			hasScannedForEncodings = 0;
			knownRegions = (
				en,
				Base,
			);
			mainGroup = BC128D3E289D688400BCDC08;
			packageReferences = (
				BC26FAA828A5181900CF5D2F /* XCRemoteSwiftPackageReference "SnapKit" */,
				BCCE4D6D28BF68F100397979 /* XCRemoteSwiftPackageReference "firebase-ios-sdk" */,
				BCC6E97428C8DB9200EDF4C2 /* XCRemoteSwiftPackageReference "lottie-ios" */,
				BCA100FE28CC875F003CD6A6 /* XCRemoteSwiftPackageReference "SkeletonView" */,
			);
			productRefGroup = BC128D48289D688400BCDC08 /* Products */;
			projectDirPath = "";
			projectRoot = "";
			targets = (
				BC128D46289D688400BCDC08 /* Quizi */,
			);
		};
/* End PBXProject section */

/* Begin PBXResourcesBuildPhase section */
		BC128D45289D688400BCDC08 /* Resources */ = {
			isa = PBXResourcesBuildPhase;
			buildActionMask = 2147483647;
			files = (
				BC128D57289D688600BCDC08 /* LaunchScreen.storyboard in Resources */,
				BCCE4D6C28BF67FC00397979 /* GoogleService-Info.plist in Resources */,
				BC15626D28C8DA5E007E91DF /* celebrate.json in Resources */,
				BC128D54289D688600BCDC08 /* Assets.xcassets in Resources */,
			);
			runOnlyForDeploymentPostprocessing = 0;
		};
/* End PBXResourcesBuildPhase section */

/* Begin PBXSourcesBuildPhase section */
		BC128D43289D688400BCDC08 /* Sources */ = {
			isa = PBXSourcesBuildPhase;
			buildActionMask = 2147483647;
			files = (
				BC128D4F289D688400BCDC08 /* QuestionVC.swift in Sources */,
				BC5758A428CA3799006D62AF /* HistoryVC.swift in Sources */,
				BCF8D06B28C61F5A00555544 /* LogVC.swift in Sources */,
				BC128D61289D705400BCDC08 /* QuestionResponse.swift in Sources */,
				BC26FAB228A522C900CF5D2F /* UIView+PinEdges.swift in Sources */,
				BC68161028B10B04008DCC3C /* UIView+AnimateViewPress.swift in Sources */,
				BCA7025828BDFF58005DFC9B /* ResultVC.swift in Sources */,
				BC128D4B289D688400BCDC08 /* AppDelegate.swift in Sources */,
				BCBCCB3B28C6514C0078968B /* UIViewController + AlertService.swift in Sources */,
				BCC4BAF428C7A16F0078A608 /* Resources.swift in Sources */,
				BCC4BAF228C7A0300078A608 /* UIColor + extension.swift in Sources */,
				BC8E488F28B3D2E70027BC7B /* CategoryCell.swift in Sources */,
				BC128D4D289D688400BCDC08 /* SceneDelegate.swift in Sources */,
				BCC98A6728CB49C7001CFE90 /* Quizi.xcdatamodeld in Sources */,
				BC26FAA628A5160000CF5D2F /* TextCell.swift in Sources */,
				BCECF33528CB7C69004912E9 /* HistoryCell.swift in Sources */,
				BC26FAAC28A518B700CF5D2F /* CodeCell.swift in Sources */,
				BC26FAB028A51BA500CF5D2F /* ButtonCell.swift in Sources */,
				BC68161628B25650008DCC3C /* CategoriesVC.swift in Sources */,
				BC77531828AE4DA700AA5695 /* QuestionProvider.swift in Sources */,
				BC26FAAE28A5192800CF5D2F /* AnswerCell.swift in Sources */,
				BC68161328B22B76008DCC3C /* MenuVC.swift in Sources */,
				BCC98A6928CB4B9D001CFE90 /* StorageManager.swift in Sources */,
			);
			runOnlyForDeploymentPostprocessing = 0;
		};
/* End PBXSourcesBuildPhase section */

/* Begin PBXVariantGroup section */
		BC128D55289D688600BCDC08 /* LaunchScreen.storyboard */ = {
			isa = PBXVariantGroup;
			children = (
				BC128D56289D688600BCDC08 /* Base */,
			);
			name = LaunchScreen.storyboard;
			sourceTree = "<group>";
		};
/* End PBXVariantGroup section */

/* Begin XCBuildConfiguration section */
		BC128D59289D688600BCDC08 /* Debug */ = {
			isa = XCBuildConfiguration;
			buildSettings = {
				ALWAYS_SEARCH_USER_PATHS = NO;
				CLANG_ANALYZER_NONNULL = YES;
				CLANG_ANALYZER_NUMBER_OBJECT_CONVERSION = YES_AGGRESSIVE;
				CLANG_CXX_LANGUAGE_STANDARD = "gnu++17";
				CLANG_ENABLE_MODULES = YES;
				CLANG_ENABLE_OBJC_ARC = YES;
				CLANG_ENABLE_OBJC_WEAK = YES;
				CLANG_WARN_BLOCK_CAPTURE_AUTORELEASING = YES;
				CLANG_WARN_BOOL_CONVERSION = YES;
				CLANG_WARN_COMMA = YES;
				CLANG_WARN_CONSTANT_CONVERSION = YES;
				CLANG_WARN_DEPRECATED_OBJC_IMPLEMENTATIONS = YES;
				CLANG_WARN_DIRECT_OBJC_ISA_USAGE = YES_ERROR;
				CLANG_WARN_DOCUMENTATION_COMMENTS = YES;
				CLANG_WARN_EMPTY_BODY = YES;
				CLANG_WARN_ENUM_CONVERSION = YES;
				CLANG_WARN_INFINITE_RECURSION = YES;
				CLANG_WARN_INT_CONVERSION = YES;
				CLANG_WARN_NON_LITERAL_NULL_CONVERSION = YES;
				CLANG_WARN_OBJC_IMPLICIT_RETAIN_SELF = YES;
				CLANG_WARN_OBJC_LITERAL_CONVERSION = YES;
				CLANG_WARN_OBJC_ROOT_CLASS = YES_ERROR;
				CLANG_WARN_QUOTED_INCLUDE_IN_FRAMEWORK_HEADER = YES;
				CLANG_WARN_RANGE_LOOP_ANALYSIS = YES;
				CLANG_WARN_STRICT_PROTOTYPES = YES;
				CLANG_WARN_SUSPICIOUS_MOVE = YES;
				CLANG_WARN_UNGUARDED_AVAILABILITY = YES_AGGRESSIVE;
				CLANG_WARN_UNREACHABLE_CODE = YES;
				CLANG_WARN__DUPLICATE_METHOD_MATCH = YES;
				COPY_PHASE_STRIP = NO;
				DEBUG_INFORMATION_FORMAT = dwarf;
				ENABLE_STRICT_OBJC_MSGSEND = YES;
				ENABLE_TESTABILITY = YES;
				GCC_C_LANGUAGE_STANDARD = gnu11;
				GCC_DYNAMIC_NO_PIC = NO;
				GCC_NO_COMMON_BLOCKS = YES;
				GCC_OPTIMIZATION_LEVEL = 0;
				GCC_PREPROCESSOR_DEFINITIONS = (
					"DEBUG=1",
					"$(inherited)",
				);
				GCC_WARN_64_TO_32_BIT_CONVERSION = YES;
				GCC_WARN_ABOUT_RETURN_TYPE = YES_ERROR;
				GCC_WARN_UNDECLARED_SELECTOR = YES;
				GCC_WARN_UNINITIALIZED_AUTOS = YES_AGGRESSIVE;
				GCC_WARN_UNUSED_FUNCTION = YES;
				GCC_WARN_UNUSED_VARIABLE = YES;
				IPHONEOS_DEPLOYMENT_TARGET = 14.1;
				MTL_ENABLE_DEBUG_INFO = INCLUDE_SOURCE;
				MTL_FAST_MATH = YES;
				ONLY_ACTIVE_ARCH = YES;
				SDKROOT = iphoneos;
				SWIFT_ACTIVE_COMPILATION_CONDITIONS = DEBUG;
				SWIFT_OPTIMIZATION_LEVEL = "-Onone";
			};
			name = Debug;
		};
		BC128D5A289D688600BCDC08 /* Release */ = {
			isa = XCBuildConfiguration;
			buildSettings = {
				ALWAYS_SEARCH_USER_PATHS = NO;
				CLANG_ANALYZER_NONNULL = YES;
				CLANG_ANALYZER_NUMBER_OBJECT_CONVERSION = YES_AGGRESSIVE;
				CLANG_CXX_LANGUAGE_STANDARD = "gnu++17";
				CLANG_ENABLE_MODULES = YES;
				CLANG_ENABLE_OBJC_ARC = YES;
				CLANG_ENABLE_OBJC_WEAK = YES;
				CLANG_WARN_BLOCK_CAPTURE_AUTORELEASING = YES;
				CLANG_WARN_BOOL_CONVERSION = YES;
				CLANG_WARN_COMMA = YES;
				CLANG_WARN_CONSTANT_CONVERSION = YES;
				CLANG_WARN_DEPRECATED_OBJC_IMPLEMENTATIONS = YES;
				CLANG_WARN_DIRECT_OBJC_ISA_USAGE = YES_ERROR;
				CLANG_WARN_DOCUMENTATION_COMMENTS = YES;
				CLANG_WARN_EMPTY_BODY = YES;
				CLANG_WARN_ENUM_CONVERSION = YES;
				CLANG_WARN_INFINITE_RECURSION = YES;
				CLANG_WARN_INT_CONVERSION = YES;
				CLANG_WARN_NON_LITERAL_NULL_CONVERSION = YES;
				CLANG_WARN_OBJC_IMPLICIT_RETAIN_SELF = YES;
				CLANG_WARN_OBJC_LITERAL_CONVERSION = YES;
				CLANG_WARN_OBJC_ROOT_CLASS = YES_ERROR;
				CLANG_WARN_QUOTED_INCLUDE_IN_FRAMEWORK_HEADER = YES;
				CLANG_WARN_RANGE_LOOP_ANALYSIS = YES;
				CLANG_WARN_STRICT_PROTOTYPES = YES;
				CLANG_WARN_SUSPICIOUS_MOVE = YES;
				CLANG_WARN_UNGUARDED_AVAILABILITY = YES_AGGRESSIVE;
				CLANG_WARN_UNREACHABLE_CODE = YES;
				CLANG_WARN__DUPLICATE_METHOD_MATCH = YES;
				COPY_PHASE_STRIP = NO;
				DEBUG_INFORMATION_FORMAT = "dwarf-with-dsym";
				ENABLE_NS_ASSERTIONS = NO;
				ENABLE_STRICT_OBJC_MSGSEND = YES;
				GCC_C_LANGUAGE_STANDARD = gnu11;
				GCC_NO_COMMON_BLOCKS = YES;
				GCC_WARN_64_TO_32_BIT_CONVERSION = YES;
				GCC_WARN_ABOUT_RETURN_TYPE = YES_ERROR;
				GCC_WARN_UNDECLARED_SELECTOR = YES;
				GCC_WARN_UNINITIALIZED_AUTOS = YES_AGGRESSIVE;
				GCC_WARN_UNUSED_FUNCTION = YES;
				GCC_WARN_UNUSED_VARIABLE = YES;
				IPHONEOS_DEPLOYMENT_TARGET = 14.1;
				MTL_ENABLE_DEBUG_INFO = NO;
				MTL_FAST_MATH = YES;
				SDKROOT = iphoneos;
				SWIFT_COMPILATION_MODE = wholemodule;
				SWIFT_OPTIMIZATION_LEVEL = "-O";
				VALIDATE_PRODUCT = YES;
			};
			name = Release;
		};
		BC128D5C289D688600BCDC08 /* Debug */ = {
			isa = XCBuildConfiguration;
			buildSettings = {
				ASSETCATALOG_COMPILER_APPICON_NAME = AppIcon;
				ASSETCATALOG_COMPILER_GLOBAL_ACCENT_COLOR_NAME = AccentColor;
				CODE_SIGN_STYLE = Automatic;
				CURRENT_PROJECT_VERSION = 1;
				DEVELOPMENT_TEAM = 85D2483FS7;
				GENERATE_INFOPLIST_FILE = YES;
				INFOPLIST_FILE = Quizi/Resources/Info.plist;
				INFOPLIST_KEY_CFBundleDisplayName = Quizi;
				INFOPLIST_KEY_UIApplicationSupportsIndirectInputEvents = YES;
				INFOPLIST_KEY_UILaunchStoryboardName = LaunchScreen;
				INFOPLIST_KEY_UISupportedInterfaceOrientations = UIInterfaceOrientationPortrait;
				INFOPLIST_KEY_UISupportedInterfaceOrientations_iPad = "UIInterfaceOrientationPortrait UIInterfaceOrientationPortraitUpsideDown UIInterfaceOrientationLandscapeLeft UIInterfaceOrientationLandscapeRight";
				INFOPLIST_KEY_UISupportedInterfaceOrientations_iPhone = "UIInterfaceOrientationPortrait UIInterfaceOrientationLandscapeLeft UIInterfaceOrientationLandscapeRight";
				IPHONEOS_DEPLOYMENT_TARGET = 13.2;
				LD_RUNPATH_SEARCH_PATHS = (
					"$(inherited)",
					"@executable_path/Frameworks",
				);
				MARKETING_VERSION = 1.0;
				PRODUCT_BUNDLE_IDENTIFIER = mobilenie.SwiftLearn;
				PRODUCT_NAME = "$(TARGET_NAME)";
				SWIFT_EMIT_LOC_STRINGS = YES;
				SWIFT_VERSION = 5.0;
				TARGETED_DEVICE_FAMILY = 1;
			};
			name = Debug;
		};
		BC128D5D289D688600BCDC08 /* Release */ = {
			isa = XCBuildConfiguration;
			buildSettings = {
				ASSETCATALOG_COMPILER_APPICON_NAME = AppIcon;
				ASSETCATALOG_COMPILER_GLOBAL_ACCENT_COLOR_NAME = AccentColor;
				CODE_SIGN_STYLE = Automatic;
				CURRENT_PROJECT_VERSION = 1;
				DEVELOPMENT_TEAM = 85D2483FS7;
				GENERATE_INFOPLIST_FILE = YES;
				INFOPLIST_FILE = Quizi/Resources/Info.plist;
				INFOPLIST_KEY_CFBundleDisplayName = Quizi;
				INFOPLIST_KEY_UIApplicationSupportsIndirectInputEvents = YES;
				INFOPLIST_KEY_UILaunchStoryboardName = LaunchScreen;
				INFOPLIST_KEY_UISupportedInterfaceOrientations = UIInterfaceOrientationPortrait;
				INFOPLIST_KEY_UISupportedInterfaceOrientations_iPad = "UIInterfaceOrientationPortrait UIInterfaceOrientationPortraitUpsideDown UIInterfaceOrientationLandscapeLeft UIInterfaceOrientationLandscapeRight";
				INFOPLIST_KEY_UISupportedInterfaceOrientations_iPhone = "UIInterfaceOrientationPortrait UIInterfaceOrientationLandscapeLeft UIInterfaceOrientationLandscapeRight";
				IPHONEOS_DEPLOYMENT_TARGET = 13.2;
				LD_RUNPATH_SEARCH_PATHS = (
					"$(inherited)",
					"@executable_path/Frameworks",
				);
				MARKETING_VERSION = 1.0;
				PRODUCT_BUNDLE_IDENTIFIER = mobilenie.SwiftLearn;
				PRODUCT_NAME = "$(TARGET_NAME)";
				SWIFT_EMIT_LOC_STRINGS = YES;
				SWIFT_VERSION = 5.0;
				TARGETED_DEVICE_FAMILY = 1;
			};
			name = Release;
		};
/* End XCBuildConfiguration section */

/* Begin XCConfigurationList section */
		BC128D42289D688400BCDC08 /* Build configuration list for PBXProject "Quizi" */ = {
			isa = XCConfigurationList;
			buildConfigurations = (
				BC128D59289D688600BCDC08 /* Debug */,
				BC128D5A289D688600BCDC08 /* Release */,
			);
			defaultConfigurationIsVisible = 0;
			defaultConfigurationName = Release;
		};
		BC128D5B289D688600BCDC08 /* Build configuration list for PBXNativeTarget "Quizi" */ = {
			isa = XCConfigurationList;
			buildConfigurations = (
				BC128D5C289D688600BCDC08 /* Debug */,
				BC128D5D289D688600BCDC08 /* Release */,
			);
			defaultConfigurationIsVisible = 0;
			defaultConfigurationName = Release;
		};
/* End XCConfigurationList section */

/* Begin XCRemoteSwiftPackageReference section */
		BC26FAA828A5181900CF5D2F /* XCRemoteSwiftPackageReference "SnapKit" */ = {
			isa = XCRemoteSwiftPackageReference;
			repositoryURL = "https://github.com/SnapKit/SnapKit.git";
			requirement = {
				branch = develop;
				kind = branch;
			};
		};
		BCA100FE28CC875F003CD6A6 /* XCRemoteSwiftPackageReference "SkeletonView" */ = {
			isa = XCRemoteSwiftPackageReference;
			repositoryURL = "https://github.com/Juanpe/SkeletonView.git";
			requirement = {
				branch = main;
				kind = branch;
			};
		};
		BCC6E97428C8DB9200EDF4C2 /* XCRemoteSwiftPackageReference "lottie-ios" */ = {
			isa = XCRemoteSwiftPackageReference;
			repositoryURL = "https://github.com/airbnb/lottie-ios.git";
			requirement = {
				kind = upToNextMajorVersion;
				minimumVersion = 3.0.0;
			};
		};
		BCCE4D6D28BF68F100397979 /* XCRemoteSwiftPackageReference "firebase-ios-sdk" */ = {
			isa = XCRemoteSwiftPackageReference;
			repositoryURL = "https://github.com/firebase/firebase-ios-sdk";
			requirement = {
				kind = upToNextMajorVersion;
				minimumVersion = 9.0.0;
			};
		};
/* End XCRemoteSwiftPackageReference section */

/* Begin XCSwiftPackageProductDependency section */
		BC26FAA928A5181900CF5D2F /* SnapKit */ = {
			isa = XCSwiftPackageProductDependency;
			package = BC26FAA828A5181900CF5D2F /* XCRemoteSwiftPackageReference "SnapKit" */;
			productName = SnapKit;
		};
		BCA100FF28CC875F003CD6A6 /* SkeletonView */ = {
			isa = XCSwiftPackageProductDependency;
			package = BCA100FE28CC875F003CD6A6 /* XCRemoteSwiftPackageReference "SkeletonView" */;
			productName = SkeletonView;
		};
		BCC6E97528C8DB9200EDF4C2 /* Lottie */ = {
			isa = XCSwiftPackageProductDependency;
			package = BCC6E97428C8DB9200EDF4C2 /* XCRemoteSwiftPackageReference "lottie-ios" */;
			productName = Lottie;
		};
		BCCE4D7228BF68F100397979 /* FirebaseAuth */ = {
			isa = XCSwiftPackageProductDependency;
			package = BCCE4D6D28BF68F100397979 /* XCRemoteSwiftPackageReference "firebase-ios-sdk" */;
			productName = FirebaseAuth;
		};
		BCCE4D7628BF68F100397979 /* FirebaseDatabase */ = {
			isa = XCSwiftPackageProductDependency;
			package = BCCE4D6D28BF68F100397979 /* XCRemoteSwiftPackageReference "firebase-ios-sdk" */;
			productName = FirebaseDatabase;
		};
		BCCE4D7828BF68F100397979 /* FirebaseDatabaseSwift */ = {
			isa = XCSwiftPackageProductDependency;
			package = BCCE4D6D28BF68F100397979 /* XCRemoteSwiftPackageReference "firebase-ios-sdk" */;
			productName = FirebaseDatabaseSwift;
		};
/* End XCSwiftPackageProductDependency section */

/* Begin XCVersionGroup section */
		BCC98A6528CB49C7001CFE90 /* Quizi.xcdatamodeld */ = {
			isa = XCVersionGroup;
			children = (
				BCC98A6628CB49C7001CFE90 /* Quizi.xcdatamodel */,
			);
			currentVersion = BCC98A6628CB49C7001CFE90 /* Quizi.xcdatamodel */;
			path = Quizi.xcdatamodeld;
			sourceTree = "<group>";
			versionGroupType = wrapper.xcdatamodel;
		};
/* End XCVersionGroup section */
	};
	rootObject = BC128D3F289D688400BCDC08 /* Project object */;
}
