// !$*UTF8*$!
{
	archiveVersion = 1;
	classes = {
	};
	objectVersion = 55;
	objects = {

/* Begin PBXBuildFile section */
		BC128D4B289D688400BCDC08 /* AppDelegate.swift in Sources */ = {isa = PBXBuildFile; fileRef = BC128D4A289D688400BCDC08 /* AppDelegate.swift */; };
		BC128D4D289D688400BCDC08 /* SceneDelegate.swift in Sources */ = {isa = PBXBuildFile; fileRef = BC128D4C289D688400BCDC08 /* SceneDelegate.swift */; };
		BC128D4F289D688400BCDC08 /* QuestionVC.swift in Sources */ = {isa = PBXBuildFile; fileRef = BC128D4E289D688400BCDC08 /* QuestionVC.swift */; };
		BC128D54289D688600BCDC08 /* Assets.xcassets in Resources */ = {isa = PBXBuildFile; fileRef = BC128D53289D688600BCDC08 /* Assets.xcassets */; };
		BC128D57289D688600BCDC08 /* LaunchScreen.storyboard in Resources */ = {isa = PBXBuildFile; fileRef = BC128D55289D688600BCDC08 /* LaunchScreen.storyboard */; };
		BC128D5F289D689E00BCDC08 /* NetworkManager.swift in Sources */ = {isa = PBXBuildFile; fileRef = BC128D5E289D689E00BCDC08 /* NetworkManager.swift */; };
		BC128D61289D705400BCDC08 /* JSON.swift in Sources */ = {isa = PBXBuildFile; fileRef = BC128D60289D705400BCDC08 /* JSON.swift */; };
		BC1CE524289E572E00B6EE15 /* CoreData.xcdatamodeld in Sources */ = {isa = PBXBuildFile; fileRef = BC1CE522289E572E00B6EE15 /* CoreData.xcdatamodeld */; };
		BC26FAA328A513FC00CF5D2F /* CellModel.swift in Sources */ = {isa = PBXBuildFile; fileRef = BC26FAA228A513FC00CF5D2F /* CellModel.swift */; };
		BC26FAA628A5160000CF5D2F /* TextCell.swift in Sources */ = {isa = PBXBuildFile; fileRef = BC26FAA528A5160000CF5D2F /* TextCell.swift */; };
		BC26FAAA28A5181900CF5D2F /* SnapKit in Frameworks */ = {isa = PBXBuildFile; productRef = BC26FAA928A5181900CF5D2F /* SnapKit */; };
		BC26FAAC28A518B700CF5D2F /* CodeCell.swift in Sources */ = {isa = PBXBuildFile; fileRef = BC26FAAB28A518B700CF5D2F /* CodeCell.swift */; };
		BC26FAAE28A5192800CF5D2F /* AnswerCell.swift in Sources */ = {isa = PBXBuildFile; fileRef = BC26FAAD28A5192800CF5D2F /* AnswerCell.swift */; };
		BC26FAB028A51BA500CF5D2F /* ButtonCell.swift in Sources */ = {isa = PBXBuildFile; fileRef = BC26FAAF28A51BA500CF5D2F /* ButtonCell.swift */; };
		BC26FAB228A522C900CF5D2F /* UIView+PinEdges.swift in Sources */ = {isa = PBXBuildFile; fileRef = BC26FAB128A522C900CF5D2F /* UIView+PinEdges.swift */; };
		BC68161028B10B04008DCC3C /* UIView+AnimateViewPress.swift in Sources */ = {isa = PBXBuildFile; fileRef = BC68160F28B10B04008DCC3C /* UIView+AnimateViewPress.swift */; };
		BC68161328B22B76008DCC3C /* MenuVC.swift in Sources */ = {isa = PBXBuildFile; fileRef = BC68161228B22B76008DCC3C /* MenuVC.swift */; };
		BC68161628B25650008DCC3C /* CategoriesVC.swift in Sources */ = {isa = PBXBuildFile; fileRef = BC68161528B25650008DCC3C /* CategoriesVC.swift */; };
		BC6D57A228A90D26003DB11E /* data.json in Resources */ = {isa = PBXBuildFile; fileRef = BC6D57A128A90D26003DB11E /* data.json */; };
		BC77531828AE4DA700AA5695 /* DataManager.swift in Sources */ = {isa = PBXBuildFile; fileRef = BC77531728AE4DA700AA5695 /* DataManager.swift */; };
/* End PBXBuildFile section */

/* Begin PBXFileReference section */
		BC128D47289D688400BCDC08 /* SwiftLearn.app */ = {isa = PBXFileReference; explicitFileType = wrapper.application; includeInIndex = 0; path = SwiftLearn.app; sourceTree = BUILT_PRODUCTS_DIR; };
		BC128D4A289D688400BCDC08 /* AppDelegate.swift */ = {isa = PBXFileReference; lastKnownFileType = sourcecode.swift; path = AppDelegate.swift; sourceTree = "<group>"; };
		BC128D4C289D688400BCDC08 /* SceneDelegate.swift */ = {isa = PBXFileReference; lastKnownFileType = sourcecode.swift; path = SceneDelegate.swift; sourceTree = "<group>"; };
		BC128D4E289D688400BCDC08 /* QuestionVC.swift */ = {isa = PBXFileReference; lastKnownFileType = sourcecode.swift; path = QuestionVC.swift; sourceTree = "<group>"; };
		BC128D53289D688600BCDC08 /* Assets.xcassets */ = {isa = PBXFileReference; lastKnownFileType = folder.assetcatalog; path = Assets.xcassets; sourceTree = "<group>"; };
		BC128D56289D688600BCDC08 /* Base */ = {isa = PBXFileReference; lastKnownFileType = file.storyboard; name = Base; path = Base.lproj/LaunchScreen.storyboard; sourceTree = "<group>"; };
		BC128D58289D688600BCDC08 /* Info.plist */ = {isa = PBXFileReference; lastKnownFileType = text.plist.xml; path = Info.plist; sourceTree = "<group>"; };
		BC128D5E289D689E00BCDC08 /* NetworkManager.swift */ = {isa = PBXFileReference; lastKnownFileType = sourcecode.swift; path = NetworkManager.swift; sourceTree = "<group>"; };
		BC128D60289D705400BCDC08 /* JSON.swift */ = {isa = PBXFileReference; lastKnownFileType = sourcecode.swift; path = JSON.swift; sourceTree = "<group>"; };
		BC1CE523289E572E00B6EE15 /* CoreData.xcdatamodel */ = {isa = PBXFileReference; lastKnownFileType = wrapper.xcdatamodel; path = CoreData.xcdatamodel; sourceTree = "<group>"; };
		BC26FAA228A513FC00CF5D2F /* CellModel.swift */ = {isa = PBXFileReference; lastKnownFileType = sourcecode.swift; path = CellModel.swift; sourceTree = "<group>"; };
		BC26FAA528A5160000CF5D2F /* TextCell.swift */ = {isa = PBXFileReference; lastKnownFileType = sourcecode.swift; path = TextCell.swift; sourceTree = "<group>"; };
		BC26FAAB28A518B700CF5D2F /* CodeCell.swift */ = {isa = PBXFileReference; lastKnownFileType = sourcecode.swift; path = CodeCell.swift; sourceTree = "<group>"; };
		BC26FAAD28A5192800CF5D2F /* AnswerCell.swift */ = {isa = PBXFileReference; lastKnownFileType = sourcecode.swift; path = AnswerCell.swift; sourceTree = "<group>"; };
		BC26FAAF28A51BA500CF5D2F /* ButtonCell.swift */ = {isa = PBXFileReference; lastKnownFileType = sourcecode.swift; path = ButtonCell.swift; sourceTree = "<group>"; };
		BC26FAB128A522C900CF5D2F /* UIView+PinEdges.swift */ = {isa = PBXFileReference; lastKnownFileType = sourcecode.swift; path = "UIView+PinEdges.swift"; sourceTree = "<group>"; };
		BC68160F28B10B04008DCC3C /* UIView+AnimateViewPress.swift */ = {isa = PBXFileReference; lastKnownFileType = sourcecode.swift; path = "UIView+AnimateViewPress.swift"; sourceTree = "<group>"; };
		BC68161228B22B76008DCC3C /* MenuVC.swift */ = {isa = PBXFileReference; lastKnownFileType = sourcecode.swift; path = MenuVC.swift; sourceTree = "<group>"; };
		BC68161528B25650008DCC3C /* CategoriesVC.swift */ = {isa = PBXFileReference; lastKnownFileType = sourcecode.swift; path = CategoriesVC.swift; sourceTree = "<group>"; };
		BC6D57A128A90D26003DB11E /* data.json */ = {isa = PBXFileReference; lastKnownFileType = text.json; path = data.json; sourceTree = "<group>"; };
		BC77531728AE4DA700AA5695 /* DataManager.swift */ = {isa = PBXFileReference; lastKnownFileType = sourcecode.swift; path = DataManager.swift; sourceTree = "<group>"; };
/* End PBXFileReference section */

/* Begin PBXFrameworksBuildPhase section */
		BC128D44289D688400BCDC08 /* Frameworks */ = {
			isa = PBXFrameworksBuildPhase;
			buildActionMask = 2147483647;
			files = (
				BC26FAAA28A5181900CF5D2F /* SnapKit in Frameworks */,
			);
			runOnlyForDeploymentPostprocessing = 0;
		};
/* End PBXFrameworksBuildPhase section */

/* Begin PBXGroup section */
		12F99EA728AE5CFB000C5260 /* Resources */ = {
			isa = PBXGroup;
			children = (
				BC128D53289D688600BCDC08 /* Assets.xcassets */,
				BC128D55289D688600BCDC08 /* LaunchScreen.storyboard */,
				BC128D58289D688600BCDC08 /* Info.plist */,
				BC6D57A128A90D26003DB11E /* data.json */,
				BC1CE522289E572E00B6EE15 /* CoreData.xcdatamodeld */,
			);
			path = Resources;
			sourceTree = "<group>";
		};
		12F99EA828AE5D26000C5260 /* Services */ = {
			isa = PBXGroup;
			children = (
				BC77531728AE4DA700AA5695 /* DataManager.swift */,
				BC128D5E289D689E00BCDC08 /* NetworkManager.swift */,
			);
			path = Services;
			sourceTree = "<group>";
		};
		12F99EA928AE5D38000C5260 /* Extensions */ = {
			isa = PBXGroup;
			children = (
				BC26FAB128A522C900CF5D2F /* UIView+PinEdges.swift */,
				BC68160F28B10B04008DCC3C /* UIView+AnimateViewPress.swift */,
			);
			path = Extensions;
			sourceTree = "<group>";
		};
		12F99EAA28AE5D84000C5260 /* Models */ = {
			isa = PBXGroup;
			children = (
				BC128D60289D705400BCDC08 /* JSON.swift */,
			);
			path = Models;
			sourceTree = "<group>";
		};
		BC128D3E289D688400BCDC08 = {
			isa = PBXGroup;
			children = (
				BC128D49289D688400BCDC08 /* SwiftLearn */,
				BC128D48289D688400BCDC08 /* Products */,
			);
			sourceTree = "<group>";
		};
		BC128D48289D688400BCDC08 /* Products */ = {
			isa = PBXGroup;
			children = (
				BC128D47289D688400BCDC08 /* SwiftLearn.app */,
			);
			name = Products;
			sourceTree = "<group>";
		};
		BC128D49289D688400BCDC08 /* SwiftLearn */ = {
			isa = PBXGroup;
			children = (
				BC128D4A289D688400BCDC08 /* AppDelegate.swift */,
				BC128D4C289D688400BCDC08 /* SceneDelegate.swift */,
				BC26FAA128A5131900CF5D2F /* Screens */,
				12F99EA828AE5D26000C5260 /* Services */,
				12F99EAA28AE5D84000C5260 /* Models */,
				12F99EA928AE5D38000C5260 /* Extensions */,
				12F99EA728AE5CFB000C5260 /* Resources */,
			);
			path = SwiftLearn;
			sourceTree = "<group>";
		};
		BC26FAA128A5131900CF5D2F /* Screens */ = {
			isa = PBXGroup;
			children = (
				BC68161428B22B7A008DCC3C /* Menu */,
				BC68161728B256A2008DCC3C /* Categories */,
				BC68161128B2270E008DCC3C /* Question */,
			);
			path = Screens;
			sourceTree = "<group>";
		};
		BC26FAA428A5140200CF5D2F /* CellModel */ = {
			isa = PBXGroup;
			children = (
				BC26FAA228A513FC00CF5D2F /* CellModel.swift */,
			);
			path = CellModel;
			sourceTree = "<group>";
		};
		BC26FAA728A5160300CF5D2F /* Cells */ = {
			isa = PBXGroup;
			children = (
				BC26FAA528A5160000CF5D2F /* TextCell.swift */,
				BC26FAAB28A518B700CF5D2F /* CodeCell.swift */,
				BC26FAAD28A5192800CF5D2F /* AnswerCell.swift */,
				BC26FAAF28A51BA500CF5D2F /* ButtonCell.swift */,
			);
			path = Cells;
			sourceTree = "<group>";
		};
		BC68161128B2270E008DCC3C /* Question */ = {
			isa = PBXGroup;
			children = (
				BC128D4E289D688400BCDC08 /* QuestionVC.swift */,
				BC26FAA428A5140200CF5D2F /* CellModel */,
				BC26FAA728A5160300CF5D2F /* Cells */,
			);
			path = Question;
			sourceTree = "<group>";
		};
		BC68161428B22B7A008DCC3C /* Menu */ = {
			isa = PBXGroup;
			children = (
				BC68161228B22B76008DCC3C /* MenuVC.swift */,
			);
			path = Menu;
			sourceTree = "<group>";
		};
		BC68161728B256A2008DCC3C /* Categories */ = {
			isa = PBXGroup;
			children = (
				BC68161528B25650008DCC3C /* CategoriesVC.swift */,
			);
			path = Categories;
			sourceTree = "<group>";
		};
/* End PBXGroup section */

/* Begin PBXNativeTarget section */
		BC128D46289D688400BCDC08 /* SwiftLearn */ = {
			isa = PBXNativeTarget;
			buildConfigurationList = BC128D5B289D688600BCDC08 /* Build configuration list for PBXNativeTarget "SwiftLearn" */;
			buildPhases = (
				BC128D43289D688400BCDC08 /* Sources */,
				BC128D44289D688400BCDC08 /* Frameworks */,
				BC128D45289D688400BCDC08 /* Resources */,
			);
			buildRules = (
			);
			dependencies = (
			);
			name = SwiftLearn;
			packageProductDependencies = (
				BC26FAA928A5181900CF5D2F /* SnapKit */,
			);
			productName = SwiftLearn;
			productReference = BC128D47289D688400BCDC08 /* SwiftLearn.app */;
			productType = "com.apple.product-type.application";
		};
/* End PBXNativeTarget section */

/* Begin PBXProject section */
		BC128D3F289D688400BCDC08 /* Project object */ = {
			isa = PBXProject;
			attributes = {
				BuildIndependentTargetsInParallel = 1;
				LastSwiftUpdateCheck = 1340;
				LastUpgradeCheck = 1340;
				TargetAttributes = {
					BC128D46289D688400BCDC08 = {
						CreatedOnToolsVersion = 13.4.1;
					};
				};
			};
			buildConfigurationList = BC128D42289D688400BCDC08 /* Build configuration list for PBXProject "SwiftLearn" */;
			compatibilityVersion = "Xcode 13.0";
			developmentRegion = en;
			hasScannedForEncodings = 0;
			knownRegions = (
				en,
				Base,
			);
			mainGroup = BC128D3E289D688400BCDC08;
			packageReferences = (
				BC26FAA828A5181900CF5D2F /* XCRemoteSwiftPackageReference "SnapKit" */,
			);
			productRefGroup = BC128D48289D688400BCDC08 /* Products */;
			projectDirPath = "";
			projectRoot = "";
			targets = (
				BC128D46289D688400BCDC08 /* SwiftLearn */,
			);
		};
/* End PBXProject section */

/* Begin PBXResourcesBuildPhase section */
		BC128D45289D688400BCDC08 /* Resources */ = {
			isa = PBXResourcesBuildPhase;
			buildActionMask = 2147483647;
			files = (
				BC128D57289D688600BCDC08 /* LaunchScreen.storyboard in Resources */,
				BC6D57A228A90D26003DB11E /* data.json in Resources */,
				BC128D54289D688600BCDC08 /* Assets.xcassets in Resources */,
			);
			runOnlyForDeploymentPostprocessing = 0;
		};
/* End PBXResourcesBuildPhase section */

/* Begin PBXSourcesBuildPhase section */
		BC128D43289D688400BCDC08 /* Sources */ = {
			isa = PBXSourcesBuildPhase;
			buildActionMask = 2147483647;
			files = (
				BC128D4F289D688400BCDC08 /* QuestionVC.swift in Sources */,
				BC26FAA328A513FC00CF5D2F /* CellModel.swift in Sources */,
				BC128D61289D705400BCDC08 /* JSON.swift in Sources */,
				BC26FAB228A522C900CF5D2F /* UIView+PinEdges.swift in Sources */,
				BC68161028B10B04008DCC3C /* UIView+AnimateViewPress.swift in Sources */,
				BC1CE524289E572E00B6EE15 /* CoreData.xcdatamodeld in Sources */,
				BC128D4B289D688400BCDC08 /* AppDelegate.swift in Sources */,
				BC128D4D289D688400BCDC08 /* SceneDelegate.swift in Sources */,
				BC26FAA628A5160000CF5D2F /* TextCell.swift in Sources */,
				BC26FAAC28A518B700CF5D2F /* CodeCell.swift in Sources */,
				BC26FAB028A51BA500CF5D2F /* ButtonCell.swift in Sources */,
				BC128D5F289D689E00BCDC08 /* NetworkManager.swift in Sources */,
				BC68161628B25650008DCC3C /* CategoriesVC.swift in Sources */,
				BC77531828AE4DA700AA5695 /* DataManager.swift in Sources */,
				BC26FAAE28A5192800CF5D2F /* AnswerCell.swift in Sources */,
				BC68161328B22B76008DCC3C /* MenuVC.swift in Sources */,
			);
			runOnlyForDeploymentPostprocessing = 0;
		};
/* End PBXSourcesBuildPhase section */

/* Begin PBXVariantGroup section */
		BC128D55289D688600BCDC08 /* LaunchScreen.storyboard */ = {
			isa = PBXVariantGroup;
			children = (
				BC128D56289D688600BCDC08 /* Base */,
			);
			name = LaunchScreen.storyboard;
			sourceTree = "<group>";
		};
/* End PBXVariantGroup section */

/* Begin XCBuildConfiguration section */
		BC128D59289D688600BCDC08 /* Debug */ = {
			isa = XCBuildConfiguration;
			buildSettings = {
				ALWAYS_SEARCH_USER_PATHS = NO;
				CLANG_ANALYZER_NONNULL = YES;
				CLANG_ANALYZER_NUMBER_OBJECT_CONVERSION = YES_AGGRESSIVE;
				CLANG_CXX_LANGUAGE_STANDARD = "gnu++17";
				CLANG_ENABLE_MODULES = YES;
				CLANG_ENABLE_OBJC_ARC = YES;
				CLANG_ENABLE_OBJC_WEAK = YES;
				CLANG_WARN_BLOCK_CAPTURE_AUTORELEASING = YES;
				CLANG_WARN_BOOL_CONVERSION = YES;
				CLANG_WARN_COMMA = YES;
				CLANG_WARN_CONSTANT_CONVERSION = YES;
				CLANG_WARN_DEPRECATED_OBJC_IMPLEMENTATIONS = YES;
				CLANG_WARN_DIRECT_OBJC_ISA_USAGE = YES_ERROR;
				CLANG_WARN_DOCUMENTATION_COMMENTS = YES;
				CLANG_WARN_EMPTY_BODY = YES;
				CLANG_WARN_ENUM_CONVERSION = YES;
				CLANG_WARN_INFINITE_RECURSION = YES;
				CLANG_WARN_INT_CONVERSION = YES;
				CLANG_WARN_NON_LITERAL_NULL_CONVERSION = YES;
				CLANG_WARN_OBJC_IMPLICIT_RETAIN_SELF = YES;
				CLANG_WARN_OBJC_LITERAL_CONVERSION = YES;
				CLANG_WARN_OBJC_ROOT_CLASS = YES_ERROR;
				CLANG_WARN_QUOTED_INCLUDE_IN_FRAMEWORK_HEADER = YES;
				CLANG_WARN_RANGE_LOOP_ANALYSIS = YES;
				CLANG_WARN_STRICT_PROTOTYPES = YES;
				CLANG_WARN_SUSPICIOUS_MOVE = YES;
				CLANG_WARN_UNGUARDED_AVAILABILITY = YES_AGGRESSIVE;
				CLANG_WARN_UNREACHABLE_CODE = YES;
				CLANG_WARN__DUPLICATE_METHOD_MATCH = YES;
				COPY_PHASE_STRIP = NO;
				DEBUG_INFORMATION_FORMAT = dwarf;
				ENABLE_STRICT_OBJC_MSGSEND = YES;
				ENABLE_TESTABILITY = YES;
				GCC_C_LANGUAGE_STANDARD = gnu11;
				GCC_DYNAMIC_NO_PIC = NO;
				GCC_NO_COMMON_BLOCKS = YES;
				GCC_OPTIMIZATION_LEVEL = 0;
				GCC_PREPROCESSOR_DEFINITIONS = (
					"DEBUG=1",
					"$(inherited)",
				);
				GCC_WARN_64_TO_32_BIT_CONVERSION = YES;
				GCC_WARN_ABOUT_RETURN_TYPE = YES_ERROR;
				GCC_WARN_UNDECLARED_SELECTOR = YES;
				GCC_WARN_UNINITIALIZED_AUTOS = YES_AGGRESSIVE;
				GCC_WARN_UNUSED_FUNCTION = YES;
				GCC_WARN_UNUSED_VARIABLE = YES;
				IPHONEOS_DEPLOYMENT_TARGET = 15.5;
				MTL_ENABLE_DEBUG_INFO = INCLUDE_SOURCE;
				MTL_FAST_MATH = YES;
				ONLY_ACTIVE_ARCH = YES;
				SDKROOT = iphoneos;
				SWIFT_ACTIVE_COMPILATION_CONDITIONS = DEBUG;
				SWIFT_OPTIMIZATION_LEVEL = "-Onone";
			};
			name = Debug;
		};
		BC128D5A289D688600BCDC08 /* Release */ = {
			isa = XCBuildConfiguration;
			buildSettings = {
				ALWAYS_SEARCH_USER_PATHS = NO;
				CLANG_ANALYZER_NONNULL = YES;
				CLANG_ANALYZER_NUMBER_OBJECT_CONVERSION = YES_AGGRESSIVE;
				CLANG_CXX_LANGUAGE_STANDARD = "gnu++17";
				CLANG_ENABLE_MODULES = YES;
				CLANG_ENABLE_OBJC_ARC = YES;
				CLANG_ENABLE_OBJC_WEAK = YES;
				CLANG_WARN_BLOCK_CAPTURE_AUTORELEASING = YES;
				CLANG_WARN_BOOL_CONVERSION = YES;
				CLANG_WARN_COMMA = YES;
				CLANG_WARN_CONSTANT_CONVERSION = YES;
				CLANG_WARN_DEPRECATED_OBJC_IMPLEMENTATIONS = YES;
				CLANG_WARN_DIRECT_OBJC_ISA_USAGE = YES_ERROR;
				CLANG_WARN_DOCUMENTATION_COMMENTS = YES;
				CLANG_WARN_EMPTY_BODY = YES;
				CLANG_WARN_ENUM_CONVERSION = YES;
				CLANG_WARN_INFINITE_RECURSION = YES;
				CLANG_WARN_INT_CONVERSION = YES;
				CLANG_WARN_NON_LITERAL_NULL_CONVERSION = YES;
				CLANG_WARN_OBJC_IMPLICIT_RETAIN_SELF = YES;
				CLANG_WARN_OBJC_LITERAL_CONVERSION = YES;
				CLANG_WARN_OBJC_ROOT_CLASS = YES_ERROR;
				CLANG_WARN_QUOTED_INCLUDE_IN_FRAMEWORK_HEADER = YES;
				CLANG_WARN_RANGE_LOOP_ANALYSIS = YES;
				CLANG_WARN_STRICT_PROTOTYPES = YES;
				CLANG_WARN_SUSPICIOUS_MOVE = YES;
				CLANG_WARN_UNGUARDED_AVAILABILITY = YES_AGGRESSIVE;
				CLANG_WARN_UNREACHABLE_CODE = YES;
				CLANG_WARN__DUPLICATE_METHOD_MATCH = YES;
				COPY_PHASE_STRIP = NO;
				DEBUG_INFORMATION_FORMAT = "dwarf-with-dsym";
				ENABLE_NS_ASSERTIONS = NO;
				ENABLE_STRICT_OBJC_MSGSEND = YES;
				GCC_C_LANGUAGE_STANDARD = gnu11;
				GCC_NO_COMMON_BLOCKS = YES;
				GCC_WARN_64_TO_32_BIT_CONVERSION = YES;
				GCC_WARN_ABOUT_RETURN_TYPE = YES_ERROR;
				GCC_WARN_UNDECLARED_SELECTOR = YES;
				GCC_WARN_UNINITIALIZED_AUTOS = YES_AGGRESSIVE;
				GCC_WARN_UNUSED_FUNCTION = YES;
				GCC_WARN_UNUSED_VARIABLE = YES;
				IPHONEOS_DEPLOYMENT_TARGET = 15.5;
				MTL_ENABLE_DEBUG_INFO = NO;
				MTL_FAST_MATH = YES;
				SDKROOT = iphoneos;
				SWIFT_COMPILATION_MODE = wholemodule;
				SWIFT_OPTIMIZATION_LEVEL = "-O";
				VALIDATE_PRODUCT = YES;
			};
			name = Release;
		};
		BC128D5C289D688600BCDC08 /* Debug */ = {
			isa = XCBuildConfiguration;
			buildSettings = {
				ASSETCATALOG_COMPILER_APPICON_NAME = AppIcon;
				ASSETCATALOG_COMPILER_GLOBAL_ACCENT_COLOR_NAME = AccentColor;
				CODE_SIGN_STYLE = Automatic;
				CURRENT_PROJECT_VERSION = 1;
				DEVELOPMENT_TEAM = 85D2483FS7;
				GENERATE_INFOPLIST_FILE = YES;
				INFOPLIST_FILE = SwiftLearn/Resources/Info.plist;
				INFOPLIST_KEY_UIApplicationSupportsIndirectInputEvents = YES;
				INFOPLIST_KEY_UILaunchStoryboardName = LaunchScreen;
				INFOPLIST_KEY_UISupportedInterfaceOrientations_iPad = "UIInterfaceOrientationPortrait UIInterfaceOrientationPortraitUpsideDown UIInterfaceOrientationLandscapeLeft UIInterfaceOrientationLandscapeRight";
				INFOPLIST_KEY_UISupportedInterfaceOrientations_iPhone = "UIInterfaceOrientationPortrait UIInterfaceOrientationLandscapeLeft UIInterfaceOrientationLandscapeRight";
				LD_RUNPATH_SEARCH_PATHS = (
					"$(inherited)",
					"@executable_path/Frameworks",
				);
				MARKETING_VERSION = 1.0;
				PRODUCT_BUNDLE_IDENTIFIER = mobilenie.SwiftLearn;
				PRODUCT_NAME = "$(TARGET_NAME)";
				SWIFT_EMIT_LOC_STRINGS = YES;
				SWIFT_VERSION = 5.0;
				TARGETED_DEVICE_FAMILY = "1,2";
			};
			name = Debug;
		};
		BC128D5D289D688600BCDC08 /* Release */ = {
			isa = XCBuildConfiguration;
			buildSettings = {
				ASSETCATALOG_COMPILER_APPICON_NAME = AppIcon;
				ASSETCATALOG_COMPILER_GLOBAL_ACCENT_COLOR_NAME = AccentColor;
				CODE_SIGN_STYLE = Automatic;
				CURRENT_PROJECT_VERSION = 1;
				DEVELOPMENT_TEAM = 85D2483FS7;
				GENERATE_INFOPLIST_FILE = YES;
				INFOPLIST_FILE = SwiftLearn/Resources/Info.plist;
				INFOPLIST_KEY_UIApplicationSupportsIndirectInputEvents = YES;
				INFOPLIST_KEY_UILaunchStoryboardName = LaunchScreen;
				INFOPLIST_KEY_UISupportedInterfaceOrientations_iPad = "UIInterfaceOrientationPortrait UIInterfaceOrientationPortraitUpsideDown UIInterfaceOrientationLandscapeLeft UIInterfaceOrientationLandscapeRight";
				INFOPLIST_KEY_UISupportedInterfaceOrientations_iPhone = "UIInterfaceOrientationPortrait UIInterfaceOrientationLandscapeLeft UIInterfaceOrientationLandscapeRight";
				LD_RUNPATH_SEARCH_PATHS = (
					"$(inherited)",
					"@executable_path/Frameworks",
				);
				MARKETING_VERSION = 1.0;
				PRODUCT_BUNDLE_IDENTIFIER = mobilenie.SwiftLearn;
				PRODUCT_NAME = "$(TARGET_NAME)";
				SWIFT_EMIT_LOC_STRINGS = YES;
				SWIFT_VERSION = 5.0;
				TARGETED_DEVICE_FAMILY = "1,2";
			};
			name = Release;
		};
/* End XCBuildConfiguration section */

/* Begin XCConfigurationList section */
		BC128D42289D688400BCDC08 /* Build configuration list for PBXProject "SwiftLearn" */ = {
			isa = XCConfigurationList;
			buildConfigurations = (
				BC128D59289D688600BCDC08 /* Debug */,
				BC128D5A289D688600BCDC08 /* Release */,
			);
			defaultConfigurationIsVisible = 0;
			defaultConfigurationName = Release;
		};
		BC128D5B289D688600BCDC08 /* Build configuration list for PBXNativeTarget "SwiftLearn" */ = {
			isa = XCConfigurationList;
			buildConfigurations = (
				BC128D5C289D688600BCDC08 /* Debug */,
				BC128D5D289D688600BCDC08 /* Release */,
			);
			defaultConfigurationIsVisible = 0;
			defaultConfigurationName = Release;
		};
/* End XCConfigurationList section */

/* Begin XCRemoteSwiftPackageReference section */
		BC26FAA828A5181900CF5D2F /* XCRemoteSwiftPackageReference "SnapKit" */ = {
			isa = XCRemoteSwiftPackageReference;
			repositoryURL = "https://github.com/SnapKit/SnapKit.git";
			requirement = {
				branch = develop;
				kind = branch;
			};
		};
/* End XCRemoteSwiftPackageReference section */

/* Begin XCSwiftPackageProductDependency section */
		BC26FAA928A5181900CF5D2F /* SnapKit */ = {
			isa = XCSwiftPackageProductDependency;
			package = BC26FAA828A5181900CF5D2F /* XCRemoteSwiftPackageReference "SnapKit" */;
			productName = SnapKit;
		};
/* End XCSwiftPackageProductDependency section */

/* Begin XCVersionGroup section */
		BC1CE522289E572E00B6EE15 /* CoreData.xcdatamodeld */ = {
			isa = XCVersionGroup;
			children = (
				BC1CE523289E572E00B6EE15 /* CoreData.xcdatamodel */,
			);
			currentVersion = BC1CE523289E572E00B6EE15 /* CoreData.xcdatamodel */;
			path = CoreData.xcdatamodeld;
			sourceTree = "<group>";
			versionGroupType = wrapper.xcdatamodel;
		};
/* End XCVersionGroup section */
	};
	rootObject = BC128D3F289D688400BCDC08 /* Project object */;
}
